// !$*UTF8*$!
{
	archiveVersion = 1;
	classes = {
	};
	objectVersion = 56;
	objects = {

/* Begin PBXBuildFile section */
		50AA52A328DDB393003E9AF9 /* myFirstAppApp.swift in Sources */ = {isa = PBXBuildFile; fileRef = 50AA52A228DDB393003E9AF9 /* myFirstAppApp.swift */; };
		50AA52A528DDB393003E9AF9 /* ContentView.swift in Sources */ = {isa = PBXBuildFile; fileRef = 50AA52A428DDB393003E9AF9 /* ContentView.swift */; };
		50AA52A728DDB393003E9AF9 /* Assets.xcassets in Resources */ = {isa = PBXBuildFile; fileRef = 50AA52A628DDB393003E9AF9 /* Assets.xcassets */; };
		50AA52AA28DDB393003E9AF9 /* Preview Assets.xcassets in Resources */ = {isa = PBXBuildFile; fileRef = 50AA52A928DDB393003E9AF9 /* Preview Assets.xcassets */; };
		50AA52B428DDB394003E9AF9 /* myFirstAppTests.swift in Sources */ = {isa = PBXBuildFile; fileRef = 50AA52B328DDB394003E9AF9 /* myFirstAppTests.swift */; };
		50AA52BE28DDB394003E9AF9 /* myFirstAppUITests.swift in Sources */ = {isa = PBXBuildFile; fileRef = 50AA52BD28DDB394003E9AF9 /* myFirstAppUITests.swift */; };
		50AA52C028DDB394003E9AF9 /* myFirstAppUITestsLaunchTests.swift in Sources */ = {isa = PBXBuildFile; fileRef = 50AA52BF28DDB394003E9AF9 /* myFirstAppUITestsLaunchTests.swift */; };
/* End PBXBuildFile section */

/* Begin PBXContainerItemProxy section */
		50AA52B028DDB394003E9AF9 /* PBXContainerItemProxy */ = {
			isa = PBXContainerItemProxy;
			containerPortal = 50AA529728DDB393003E9AF9 /* Project object */;
			proxyType = 1;
			remoteGlobalIDString = 50AA529E28DDB393003E9AF9;
			remoteInfo = myFirstApp;
		};
		50AA52BA28DDB394003E9AF9 /* PBXContainerItemProxy */ = {
			isa = PBXContainerItemProxy;
			containerPortal = 50AA529728DDB393003E9AF9 /* Project object */;
			proxyType = 1;
			remoteGlobalIDString = 50AA529E28DDB393003E9AF9;
			remoteInfo = myFirstApp;
		};
/* End PBXContainerItemProxy section */

/* Begin PBXFileReference section */
		50AA529F28DDB393003E9AF9 /* myFirstApp.app */ = {isa = PBXFileReference; explicitFileType = wrapper.application; includeInIndex = 0; path = myFirstApp.app; sourceTree = BUILT_PRODUCTS_DIR; };
		50AA52A228DDB393003E9AF9 /* myFirstAppApp.swift */ = {isa = PBXFileReference; lastKnownFileType = sourcecode.swift; path = myFirstAppApp.swift; sourceTree = "<group>"; };
		50AA52A428DDB393003E9AF9 /* ContentView.swift */ = {isa = PBXFileReference; lastKnownFileType = sourcecode.swift; path = ContentView.swift; sourceTree = "<group>"; };
		50AA52A628DDB393003E9AF9 /* Assets.xcassets */ = {isa = PBXFileReference; lastKnownFileType = folder.assetcatalog; path = Assets.xcassets; sourceTree = "<group>"; };
		50AA52A928DDB393003E9AF9 /* Preview Assets.xcassets */ = {isa = PBXFileReference; lastKnownFileType = folder.assetcatalog; path = "Preview Assets.xcassets"; sourceTree = "<group>"; };
		50AA52AF28DDB394003E9AF9 /* myFirstAppTests.xctest */ = {isa = PBXFileReference; explicitFileType = wrapper.cfbundle; includeInIndex = 0; path = myFirstAppTests.xctest; sourceTree = BUILT_PRODUCTS_DIR; };
		50AA52B328DDB394003E9AF9 /* myFirstAppTests.swift */ = {isa = PBXFileReference; lastKnownFileType = sourcecode.swift; path = myFirstAppTests.swift; sourceTree = "<group>"; };
		50AA52B928DDB394003E9AF9 /* myFirstAppUITests.xctest */ = {isa = PBXFileReference; explicitFileType = wrapper.cfbundle; includeInIndex = 0; path = myFirstAppUITests.xctest; sourceTree = BUILT_PRODUCTS_DIR; };
		50AA52BD28DDB394003E9AF9 /* myFirstAppUITests.swift */ = {isa = PBXFileReference; lastKnownFileType = sourcecode.swift; path = myFirstAppUITests.swift; sourceTree = "<group>"; };
		50AA52BF28DDB394003E9AF9 /* myFirstAppUITestsLaunchTests.swift */ = {isa = PBXFileReference; lastKnownFileType = sourcecode.swift; path = myFirstAppUITestsLaunchTests.swift; sourceTree = "<group>"; };
/* End PBXFileReference section */

/* Begin PBXFrameworksBuildPhase section */
		50AA529C28DDB393003E9AF9 /* Frameworks */ = {
			isa = PBXFrameworksBuildPhase;
			buildActionMask = 2147483647;
			files = (
			);
			runOnlyForDeploymentPostprocessing = 0;
		};
		50AA52AC28DDB394003E9AF9 /* Frameworks */ = {
			isa = PBXFrameworksBuildPhase;
			buildActionMask = 2147483647;
			files = (
			);
			runOnlyForDeploymentPostprocessing = 0;
		};
		50AA52B628DDB394003E9AF9 /* Frameworks */ = {
			isa = PBXFrameworksBuildPhase;
			buildActionMask = 2147483647;
			files = (
			);
			runOnlyForDeploymentPostprocessing = 0;
		};
/* End PBXFrameworksBuildPhase section */

/* Begin PBXGroup section */
		50AA529628DDB393003E9AF9 = {
			isa = PBXGroup;
			children = (
				50AA52A128DDB393003E9AF9 /* myFirstApp */,
				50AA52B228DDB394003E9AF9 /* myFirstAppTests */,
				50AA52BC28DDB394003E9AF9 /* myFirstAppUITests */,
				50AA52A028DDB393003E9AF9 /* Products */,
			);
			sourceTree = "<group>";
		};
		50AA52A028DDB393003E9AF9 /* Products */ = {
			isa = PBXGroup;
			children = (
				50AA529F28DDB393003E9AF9 /* myFirstApp.app */,
				50AA52AF28DDB394003E9AF9 /* myFirstAppTests.xctest */,
				50AA52B928DDB394003E9AF9 /* myFirstAppUITests.xctest */,
			);
			name = Products;
			sourceTree = "<group>";
		};
		50AA52A128DDB393003E9AF9 /* myFirstApp */ = {
			isa = PBXGroup;
			children = (
				50AA52A228DDB393003E9AF9 /* myFirstAppApp.swift */,
				50AA52A428DDB393003E9AF9 /* ContentView.swift */,
				50AA52A628DDB393003E9AF9 /* Assets.xcassets */,
				50AA52A828DDB393003E9AF9 /* Preview Content */,
			);
			path = myFirstApp;
			sourceTree = "<group>";
		};
		50AA52A828DDB393003E9AF9 /* Preview Content */ = {
			isa = PBXGroup;
			children = (
				50AA52A928DDB393003E9AF9 /* Preview Assets.xcassets */,
			);
			path = "Preview Content";
			sourceTree = "<group>";
		};
		50AA52B228DDB394003E9AF9 /* myFirstAppTests */ = {
			isa = PBXGroup;
			children = (
				50AA52B328DDB394003E9AF9 /* myFirstAppTests.swift */,
			);
			path = myFirstAppTests;
			sourceTree = "<group>";
		};
		50AA52BC28DDB394003E9AF9 /* myFirstAppUITests */ = {
			isa = PBXGroup;
			children = (
				50AA52BD28DDB394003E9AF9 /* myFirstAppUITests.swift */,
				50AA52BF28DDB394003E9AF9 /* myFirstAppUITestsLaunchTests.swift */,
			);
			path = myFirstAppUITests;
			sourceTree = "<group>";
		};
/* End PBXGroup section */

/* Begin PBXNativeTarget section */
		50AA529E28DDB393003E9AF9 /* myFirstApp */ = {
			isa = PBXNativeTarget;
			buildConfigurationList = 50AA52C328DDB394003E9AF9 /* Build configuration list for PBXNativeTarget "myFirstApp" */;
			buildPhases = (
				50AA529B28DDB393003E9AF9 /* Sources */,
				50AA529C28DDB393003E9AF9 /* Frameworks */,
				50AA529D28DDB393003E9AF9 /* Resources */,
			);
			buildRules = (
			);
			dependencies = (
			);
			name = myFirstApp;
			productName = myFirstApp;
			productReference = 50AA529F28DDB393003E9AF9 /* myFirstApp.app */;
			productType = "com.apple.product-type.application";
		};
		50AA52AE28DDB394003E9AF9 /* myFirstAppTests */ = {
			isa = PBXNativeTarget;
			buildConfigurationList = 50AA52C628DDB394003E9AF9 /* Build configuration list for PBXNativeTarget "myFirstAppTests" */;
			buildPhases = (
				50AA52AB28DDB394003E9AF9 /* Sources */,
				50AA52AC28DDB394003E9AF9 /* Frameworks */,
				50AA52AD28DDB394003E9AF9 /* Resources */,
			);
			buildRules = (
			);
			dependencies = (
				50AA52B128DDB394003E9AF9 /* PBXTargetDependency */,
			);
			name = myFirstAppTests;
			productName = myFirstAppTests;
			productReference = 50AA52AF28DDB394003E9AF9 /* myFirstAppTests.xctest */;
			productType = "com.apple.product-type.bundle.unit-test";
		};
		50AA52B828DDB394003E9AF9 /* myFirstAppUITests */ = {
			isa = PBXNativeTarget;
			buildConfigurationList = 50AA52C928DDB394003E9AF9 /* Build configuration list for PBXNativeTarget "myFirstAppUITests" */;
			buildPhases = (
				50AA52B528DDB394003E9AF9 /* Sources */,
				50AA52B628DDB394003E9AF9 /* Frameworks */,
				50AA52B728DDB394003E9AF9 /* Resources */,
			);
			buildRules = (
			);
			dependencies = (
				50AA52BB28DDB394003E9AF9 /* PBXTargetDependency */,
			);
			name = myFirstAppUITests;
			productName = myFirstAppUITests;
			productReference = 50AA52B928DDB394003E9AF9 /* myFirstAppUITests.xctest */;
			productType = "com.apple.product-type.bundle.ui-testing";
		};
/* End PBXNativeTarget section */

/* Begin PBXProject section */
		50AA529728DDB393003E9AF9 /* Project object */ = {
			isa = PBXProject;
			attributes = {
				BuildIndependentTargetsInParallel = 1;
				LastSwiftUpdateCheck = 1400;
				LastUpgradeCheck = 1400;
				TargetAttributes = {
					50AA529E28DDB393003E9AF9 = {
						CreatedOnToolsVersion = 14.0;
					};
					50AA52AE28DDB394003E9AF9 = {
						CreatedOnToolsVersion = 14.0;
						TestTargetID = 50AA529E28DDB393003E9AF9;
					};
					50AA52B828DDB394003E9AF9 = {
						CreatedOnToolsVersion = 14.0;
						TestTargetID = 50AA529E28DDB393003E9AF9;
					};
				};
			};
			buildConfigurationList = 50AA529A28DDB393003E9AF9 /* Build configuration list for PBXProject "myFirstApp" */;
			compatibilityVersion = "Xcode 14.0";
			developmentRegion = en;
			hasScannedForEncodings = 0;
			knownRegions = (
				en,
				Base,
			);
			mainGroup = 50AA529628DDB393003E9AF9;
			productRefGroup = 50AA52A028DDB393003E9AF9 /* Products */;
			projectDirPath = "";
			projectRoot = "";
			targets = (
				50AA529E28DDB393003E9AF9 /* myFirstApp */,
				50AA52AE28DDB394003E9AF9 /* myFirstAppTests */,
				50AA52B828DDB394003E9AF9 /* myFirstAppUITests */,
			);
		};
/* End PBXProject section */

/* Begin PBXResourcesBuildPhase section */
		50AA529D28DDB393003E9AF9 /* Resources */ = {
			isa = PBXResourcesBuildPhase;
			buildActionMask = 2147483647;
			files = (
				50AA52AA28DDB393003E9AF9 /* Preview Assets.xcassets in Resources */,
				50AA52A728DDB393003E9AF9 /* Assets.xcassets in Resources */,
			);
			runOnlyForDeploymentPostprocessing = 0;
		};
		50AA52AD28DDB394003E9AF9 /* Resources */ = {
			isa = PBXResourcesBuildPhase;
			buildActionMask = 2147483647;
			files = (
			);
			runOnlyForDeploymentPostprocessing = 0;
		};
		50AA52B728DDB394003E9AF9 /* Resources */ = {
			isa = PBXResourcesBuildPhase;
			buildActionMask = 2147483647;
			files = (
			);
			runOnlyForDeploymentPostprocessing = 0;
		};
/* End PBXResourcesBuildPhase section */

/* Begin PBXSourcesBuildPhase section */
		50AA529B28DDB393003E9AF9 /* Sources */ = {
			isa = PBXSourcesBuildPhase;
			buildActionMask = 2147483647;
			files = (
				50AA52A528DDB393003E9AF9 /* ContentView.swift in Sources */,
				50AA52A328DDB393003E9AF9 /* myFirstAppApp.swift in Sources */,
			);
			runOnlyForDeploymentPostprocessing = 0;
		};
		50AA52AB28DDB394003E9AF9 /* Sources */ = {
			isa = PBXSourcesBuildPhase;
			buildActionMask = 2147483647;
			files = (
				50AA52B428DDB394003E9AF9 /* myFirstAppTests.swift in Sources */,
			);
			runOnlyForDeploymentPostprocessing = 0;
		};
		50AA52B528DDB394003E9AF9 /* Sources */ = {
			isa = PBXSourcesBuildPhase;
			buildActionMask = 2147483647;
			files = (
				50AA52BE28DDB394003E9AF9 /* myFirstAppUITests.swift in Sources */,
				50AA52C028DDB394003E9AF9 /* myFirstAppUITestsLaunchTests.swift in Sources */,
			);
			runOnlyForDeploymentPostprocessing = 0;
		};
/* End PBXSourcesBuildPhase section */

/* Begin PBXTargetDependency section */
		50AA52B128DDB394003E9AF9 /* PBXTargetDependency */ = {
			isa = PBXTargetDependency;
			target = 50AA529E28DDB393003E9AF9 /* myFirstApp */;
			targetProxy = 50AA52B028DDB394003E9AF9 /* PBXContainerItemProxy */;
		};
		50AA52BB28DDB394003E9AF9 /* PBXTargetDependency */ = {
			isa = PBXTargetDependency;
			target = 50AA529E28DDB393003E9AF9 /* myFirstApp */;
			targetProxy = 50AA52BA28DDB394003E9AF9 /* PBXContainerItemProxy */;
		};
/* End PBXTargetDependency section */

/* Begin XCBuildConfiguration section */
		50AA52C128DDB394003E9AF9 /* Debug */ = {
			isa = XCBuildConfiguration;
			buildSettings = {
				ALWAYS_SEARCH_USER_PATHS = NO;
				CLANG_ANALYZER_NONNULL = YES;
				CLANG_ANALYZER_NUMBER_OBJECT_CONVERSION = YES_AGGRESSIVE;
				CLANG_CXX_LANGUAGE_STANDARD = "gnu++20";
				CLANG_ENABLE_MODULES = YES;
				CLANG_ENABLE_OBJC_ARC = YES;
				CLANG_ENABLE_OBJC_WEAK = YES;
				CLANG_WARN_BLOCK_CAPTURE_AUTORELEASING = YES;
				CLANG_WARN_BOOL_CONVERSION = YES;
				CLANG_WARN_COMMA = YES;
				CLANG_WARN_CONSTANT_CONVERSION = YES;
				CLANG_WARN_DEPRECATED_OBJC_IMPLEMENTATIONS = YES;
				CLANG_WARN_DIRECT_OBJC_ISA_USAGE = YES_ERROR;
				CLANG_WARN_DOCUMENTATION_COMMENTS = YES;
				CLANG_WARN_EMPTY_BODY = YES;
				CLANG_WARN_ENUM_CONVERSION = YES;
				CLANG_WARN_INFINITE_RECURSION = YES;
				CLANG_WARN_INT_CONVERSION = YES;
				CLANG_WARN_NON_LITERAL_NULL_CONVERSION = YES;
				CLANG_WARN_OBJC_IMPLICIT_RETAIN_SELF = YES;
				CLANG_WARN_OBJC_LITERAL_CONVERSION = YES;
				CLANG_WARN_OBJC_ROOT_CLASS = YES_ERROR;
				CLANG_WARN_QUOTED_INCLUDE_IN_FRAMEWORK_HEADER = YES;
				CLANG_WARN_RANGE_LOOP_ANALYSIS = YES;
				CLANG_WARN_STRICT_PROTOTYPES = YES;
				CLANG_WARN_SUSPICIOUS_MOVE = YES;
				CLANG_WARN_UNGUARDED_AVAILABILITY = YES_AGGRESSIVE;
				CLANG_WARN_UNREACHABLE_CODE = YES;
				CLANG_WARN__DUPLICATE_METHOD_MATCH = YES;
				COPY_PHASE_STRIP = NO;
				DEBUG_INFORMATION_FORMAT = dwarf;
				ENABLE_STRICT_OBJC_MSGSEND = YES;
				ENABLE_TESTABILITY = YES;
				GCC_C_LANGUAGE_STANDARD = gnu11;
				GCC_DYNAMIC_NO_PIC = NO;
				GCC_NO_COMMON_BLOCKS = YES;
				GCC_OPTIMIZATION_LEVEL = 0;
				GCC_PREPROCESSOR_DEFINITIONS = (
					"DEBUG=1",
					"$(inherited)",
				);
				GCC_WARN_64_TO_32_BIT_CONVERSION = YES;
				GCC_WARN_ABOUT_RETURN_TYPE = YES_ERROR;
				GCC_WARN_UNDECLARED_SELECTOR = YES;
				GCC_WARN_UNINITIALIZED_AUTOS = YES_AGGRESSIVE;
				GCC_WARN_UNUSED_FUNCTION = YES;
				GCC_WARN_UNUSED_VARIABLE = YES;
				IPHONEOS_DEPLOYMENT_TARGET = 16.0;
				MTL_ENABLE_DEBUG_INFO = INCLUDE_SOURCE;
				MTL_FAST_MATH = YES;
				ONLY_ACTIVE_ARCH = YES;
				SDKROOT = iphoneos;
				SWIFT_ACTIVE_COMPILATION_CONDITIONS = DEBUG;
				SWIFT_OPTIMIZATION_LEVEL = "-Onone";
			};
			name = Debug;
		};
		50AA52C228DDB394003E9AF9 /* Release */ = {
			isa = XCBuildConfiguration;
			buildSettings = {
				ALWAYS_SEARCH_USER_PATHS = NO;
				CLANG_ANALYZER_NONNULL = YES;
				CLANG_ANALYZER_NUMBER_OBJECT_CONVERSION = YES_AGGRESSIVE;
				CLANG_CXX_LANGUAGE_STANDARD = "gnu++20";
				CLANG_ENABLE_MODULES = YES;
				CLANG_ENABLE_OBJC_ARC = YES;
				CLANG_ENABLE_OBJC_WEAK = YES;
				CLANG_WARN_BLOCK_CAPTURE_AUTORELEASING = YES;
				CLANG_WARN_BOOL_CONVERSION = YES;
				CLANG_WARN_COMMA = YES;
				CLANG_WARN_CONSTANT_CONVERSION = YES;
				CLANG_WARN_DEPRECATED_OBJC_IMPLEMENTATIONS = YES;
				CLANG_WARN_DIRECT_OBJC_ISA_USAGE = YES_ERROR;
				CLANG_WARN_DOCUMENTATION_COMMENTS = YES;
				CLANG_WARN_EMPTY_BODY = YES;
				CLANG_WARN_ENUM_CONVERSION = YES;
				CLANG_WARN_INFINITE_RECURSION = YES;
				CLANG_WARN_INT_CONVERSION = YES;
				CLANG_WARN_NON_LITERAL_NULL_CONVERSION = YES;
				CLANG_WARN_OBJC_IMPLICIT_RETAIN_SELF = YES;
				CLANG_WARN_OBJC_LITERAL_CONVERSION = YES;
				CLANG_WARN_OBJC_ROOT_CLASS = YES_ERROR;
				CLANG_WARN_QUOTED_INCLUDE_IN_FRAMEWORK_HEADER = YES;
				CLANG_WARN_RANGE_LOOP_ANALYSIS = YES;
				CLANG_WARN_STRICT_PROTOTYPES = YES;
				CLANG_WARN_SUSPICIOUS_MOVE = YES;
				CLANG_WARN_UNGUARDED_AVAILABILITY = YES_AGGRESSIVE;
				CLANG_WARN_UNREACHABLE_CODE = YES;
				CLANG_WARN__DUPLICATE_METHOD_MATCH = YES;
				COPY_PHASE_STRIP = NO;
				DEBUG_INFORMATION_FORMAT = "dwarf-with-dsym";
				ENABLE_NS_ASSERTIONS = NO;
				ENABLE_STRICT_OBJC_MSGSEND = YES;
				GCC_C_LANGUAGE_STANDARD = gnu11;
				GCC_NO_COMMON_BLOCKS = YES;
				GCC_WARN_64_TO_32_BIT_CONVERSION = YES;
				GCC_WARN_ABOUT_RETURN_TYPE = YES_ERROR;
				GCC_WARN_UNDECLARED_SELECTOR = YES;
				GCC_WARN_UNINITIALIZED_AUTOS = YES_AGGRESSIVE;
				GCC_WARN_UNUSED_FUNCTION = YES;
				GCC_WARN_UNUSED_VARIABLE = YES;
				IPHONEOS_DEPLOYMENT_TARGET = 16.0;
				MTL_ENABLE_DEBUG_INFO = NO;
				MTL_FAST_MATH = YES;
				SDKROOT = iphoneos;
				SWIFT_COMPILATION_MODE = wholemodule;
				SWIFT_OPTIMIZATION_LEVEL = "-O";
				VALIDATE_PRODUCT = YES;
			};
			name = Release;
		};
		50AA52C428DDB394003E9AF9 /* Debug */ = {
			isa = XCBuildConfiguration;
			buildSettings = {
				ASSETCATALOG_COMPILER_APPICON_NAME = AppIcon;
				ASSETCATALOG_COMPILER_GLOBAL_ACCENT_COLOR_NAME = AccentColor;
				CODE_SIGN_STYLE = Automatic;
				CURRENT_PROJECT_VERSION = 1;
				DEVELOPMENT_ASSET_PATHS = "\"myFirstApp/Preview Content\"";
				ENABLE_PREVIEWS = YES;
				GENERATE_INFOPLIST_FILE = YES;
				INFOPLIST_KEY_UIApplicationSceneManifest_Generation = YES;
				INFOPLIST_KEY_UIApplicationSupportsIndirectInputEvents = YES;
				INFOPLIST_KEY_UILaunchScreen_Generation = YES;
				INFOPLIST_KEY_UISupportedInterfaceOrientations_iPad = "UIInterfaceOrientationPortrait UIInterfaceOrientationPortraitUpsideDown UIInterfaceOrientationLandscapeLeft UIInterfaceOrientationLandscapeRight";
				INFOPLIST_KEY_UISupportedInterfaceOrientations_iPhone = "UIInterfaceOrientationPortrait UIInterfaceOrientationLandscapeLeft UIInterfaceOrientationLandscapeRight";
				LD_RUNPATH_SEARCH_PATHS = (
					"$(inherited)",
					"@executable_path/Frameworks",
				);
				MARKETING_VERSION = 1.0;
				PRODUCT_BUNDLE_IDENTIFIER = com.takayuki.myFirstApp;
				PRODUCT_NAME = "$(TARGET_NAME)";
				SWIFT_EMIT_LOC_STRINGS = YES;
				SWIFT_VERSION = 5.0;
				TARGETED_DEVICE_FAMILY = "1,2";
			};
			name = Debug;
		};
		50AA52C528DDB394003E9AF9 /* Release */ = {
			isa = XCBuildConfiguration;
			buildSettings = {
				ASSETCATALOG_COMPILER_APPICON_NAME = AppIcon;
				ASSETCATALOG_COMPILER_GLOBAL_ACCENT_COLOR_NAME = AccentColor;
				CODE_SIGN_STYLE = Automatic;
				CURRENT_PROJECT_VERSION = 1;
				DEVELOPMENT_ASSET_PATHS = "\"myFirstApp/Preview Content\"";
				ENABLE_PREVIEWS = YES;
				GENERATE_INFOPLIST_FILE = YES;
				INFOPLIST_KEY_UIApplicationSceneManifest_Generation = YES;
				INFOPLIST_KEY_UIApplicationSupportsIndirectInputEvents = YES;
				INFOPLIST_KEY_UILaunchScreen_Generation = YES;
				INFOPLIST_KEY_UISupportedInterfaceOrientations_iPad = "UIInterfaceOrientationPortrait UIInterfaceOrientationPortraitUpsideDown UIInterfaceOrientationLandscapeLeft UIInterfaceOrientationLandscapeRight";
				INFOPLIST_KEY_UISupportedInterfaceOrientations_iPhone = "UIInterfaceOrientationPortrait UIInterfaceOrientationLandscapeLeft UIInterfaceOrientationLandscapeRight";
				LD_RUNPATH_SEARCH_PATHS = (
					"$(inherited)",
					"@executable_path/Frameworks",
				);
				MARKETING_VERSION = 1.0;
				PRODUCT_BUNDLE_IDENTIFIER = com.takayuki.myFirstApp;
				PRODUCT_NAME = "$(TARGET_NAME)";
				SWIFT_EMIT_LOC_STRINGS = YES;
				SWIFT_VERSION = 5.0;
				TARGETED_DEVICE_FAMILY = "1,2";
			};
			name = Release;
		};
		50AA52C728DDB394003E9AF9 /* Debug */ = {
			isa = XCBuildConfiguration;
			buildSettings = {
				ALWAYS_EMBED_SWIFT_STANDARD_LIBRARIES = YES;
				BUNDLE_LOADER = "$(TEST_HOST)";
				CODE_SIGN_STYLE = Automatic;
				CURRENT_PROJECT_VERSION = 1;
				GENERATE_INFOPLIST_FILE = YES;
				IPHONEOS_DEPLOYMENT_TARGET = 16.0;
				MARKETING_VERSION = 1.0;
				PRODUCT_BUNDLE_IDENTIFIER = com.takayuki.myFirstAppTests;
				PRODUCT_NAME = "$(TARGET_NAME)";
				SWIFT_EMIT_LOC_STRINGS = NO;
				SWIFT_VERSION = 5.0;
				TARGETED_DEVICE_FAMILY = "1,2";
				TEST_HOST = "$(BUILT_PRODUCTS_DIR)/myFirstApp.app/$(BUNDLE_EXECUTABLE_FOLDER_PATH)/myFirstApp";
			};
			name = Debug;
		};
		50AA52C828DDB394003E9AF9 /* Release */ = {
			isa = XCBuildConfiguration;
			buildSettings = {
				ALWAYS_EMBED_SWIFT_STANDARD_LIBRARIES = YES;
				BUNDLE_LOADER = "$(TEST_HOST)";
				CODE_SIGN_STYLE = Automatic;
				CURRENT_PROJECT_VERSION = 1;
				GENERATE_INFOPLIST_FILE = YES;
				IPHONEOS_DEPLOYMENT_TARGET = 16.0;
				MARKETING_VERSION = 1.0;
				PRODUCT_BUNDLE_IDENTIFIER = com.takayuki.myFirstAppTests;
				PRODUCT_NAME = "$(TARGET_NAME)";
				SWIFT_EMIT_LOC_STRINGS = NO;
				SWIFT_VERSION = 5.0;
				TARGETED_DEVICE_FAMILY = "1,2";
				TEST_HOST = "$(BUILT_PRODUCTS_DIR)/myFirstApp.app/$(BUNDLE_EXECUTABLE_FOLDER_PATH)/myFirstApp";
			};
			name = Release;
		};
		50AA52CA28DDB394003E9AF9 /* Debug */ = {
			isa = XCBuildConfiguration;
			buildSettings = {
				ALWAYS_EMBED_SWIFT_STANDARD_LIBRARIES = YES;
				CODE_SIGN_STYLE = Automatic;
				CURRENT_PROJECT_VERSION = 1;
				GENERATE_INFOPLIST_FILE = YES;
				MARKETING_VERSION = 1.0;
				PRODUCT_BUNDLE_IDENTIFIER = com.takayuki.myFirstAppUITests;
				PRODUCT_NAME = "$(TARGET_NAME)";
				SWIFT_EMIT_LOC_STRINGS = NO;
				SWIFT_VERSION = 5.0;
				TARGETED_DEVICE_FAMILY = "1,2";
				TEST_TARGET_NAME = myFirstApp;
			};
			name = Debug;
		};
		50AA52CB28DDB394003E9AF9 /* Release */ = {
			isa = XCBuildConfiguration;
			buildSettings = {
				ALWAYS_EMBED_SWIFT_STANDARD_LIBRARIES = YES;
				CODE_SIGN_STYLE = Automatic;
				CURRENT_PROJECT_VERSION = 1;
				GENERATE_INFOPLIST_FILE = YES;
				MARKETING_VERSION = 1.0;
				PRODUCT_BUNDLE_IDENTIFIER = com.takayuki.myFirstAppUITests;
				PRODUCT_NAME = "$(TARGET_NAME)";
				SWIFT_EMIT_LOC_STRINGS = NO;
				SWIFT_VERSION = 5.0;
				TARGETED_DEVICE_FAMILY = "1,2";
				TEST_TARGET_NAME = myFirstApp;
			};
			name = Release;
		};
/* End XCBuildConfiguration section */

/* Begin XCConfigurationList section */
		50AA529A28DDB393003E9AF9 /* Build configuration list for PBXProject "myFirstApp" */ = {
			isa = XCConfigurationList;
			buildConfigurations = (
				50AA52C128DDB394003E9AF9 /* Debug */,
				50AA52C228DDB394003E9AF9 /* Release */,
			);
			defaultConfigurationIsVisible = 0;
			defaultConfigurationName = Release;
		};
		50AA52C328DDB394003E9AF9 /* Build configuration list for PBXNativeTarget "myFirstApp" */ = {
			isa = XCConfigurationList;
			buildConfigurations = (
				50AA52C428DDB394003E9AF9 /* Debug */,
				50AA52C528DDB394003E9AF9 /* Release */,
			);
			defaultConfigurationIsVisible = 0;
			defaultConfigurationName = Release;
		};
		50AA52C628DDB394003E9AF9 /* Build configuration list for PBXNativeTarget "myFirstAppTests" */ = {
			isa = XCConfigurationList;
			buildConfigurations = (
				50AA52C728DDB394003E9AF9 /* Debug */,
				50AA52C828DDB394003E9AF9 /* Release */,
			);
			defaultConfigurationIsVisible = 0;
			defaultConfigurationName = Release;
		};
		50AA52C928DDB394003E9AF9 /* Build configuration list for PBXNativeTarget "myFirstAppUITests" */ = {
			isa = XCConfigurationList;
			buildConfigurations = (
				50AA52CA28DDB394003E9AF9 /* Debug */,
				50AA52CB28DDB394003E9AF9 /* Release */,
			);
			defaultConfigurationIsVisible = 0;
			defaultConfigurationName = Release;
		};
/* End XCConfigurationList section */
	};
	rootObject = 50AA529728DDB393003E9AF9 /* Project object */;
}
